// !$*UTF8*$!
{
	archiveVersion = 1;
	classes = {
	};
	objectVersion = 48;
	objects = {

/* Begin PBXBuildFile section */
		81F40CC11FCCA73300DB3D7F /* AppDelegate.swift in Sources */ = {isa = PBXBuildFile; fileRef = 81F40CC01FCCA73300DB3D7F /* AppDelegate.swift */; };
		81F40CC61FCCA73300DB3D7F /* Main.storyboard in Resources */ = {isa = PBXBuildFile; fileRef = 81F40CC41FCCA73300DB3D7F /* Main.storyboard */; };
		81F40CC81FCCA73300DB3D7F /* Assets.xcassets in Resources */ = {isa = PBXBuildFile; fileRef = 81F40CC71FCCA73300DB3D7F /* Assets.xcassets */; };
		81F40CCB1FCCA73300DB3D7F /* LaunchScreen.storyboard in Resources */ = {isa = PBXBuildFile; fileRef = 81F40CC91FCCA73300DB3D7F /* LaunchScreen.storyboard */; };
		81F40CD61FCCA73300DB3D7F /* GettingData_ExercisesTests.swift in Sources */ = {isa = PBXBuildFile; fileRef = 81F40CD51FCCA73300DB3D7F /* GettingData_ExercisesTests.swift */; };
		81F40CE11FCCA73300DB3D7F /* GettingData_ExercisesUITests.swift in Sources */ = {isa = PBXBuildFile; fileRef = 81F40CE01FCCA73300DB3D7F /* GettingData_ExercisesUITests.swift */; };
		81F40CF21FCCA7C300DB3D7F /* GhibliFilmViewController.swift in Sources */ = {isa = PBXBuildFile; fileRef = 81F40CF11FCCA7C300DB3D7F /* GhibliFilmViewController.swift */; };
		81F40CF41FCCA7EA00DB3D7F /* Film.swift in Sources */ = {isa = PBXBuildFile; fileRef = 81F40CF31FCCA7EA00DB3D7F /* Film.swift */; };
		81F40CF61FCCA9EF00DB3D7F /* GhibliFilmDetailViewController.swift in Sources */ = {isa = PBXBuildFile; fileRef = 81F40CF51FCCA9EF00DB3D7F /* GhibliFilmDetailViewController.swift */; };
		81F40CF81FCCAA0300DB3D7F /* PunkViewController.swift in Sources */ = {isa = PBXBuildFile; fileRef = 81F40CF71FCCAA0300DB3D7F /* PunkViewController.swift */; };
		81F40CFA1FCCAA1000DB3D7F /* PunkDetailViewController.swift in Sources */ = {isa = PBXBuildFile; fileRef = 81F40CF91FCCAA1000DB3D7F /* PunkDetailViewController.swift */; };
		81F40CFC1FCCAA2600DB3D7F /* CurrencyViewController.swift in Sources */ = {isa = PBXBuildFile; fileRef = 81F40CFB1FCCAA2600DB3D7F /* CurrencyViewController.swift */; };
		81F40CFE1FCCAAFD00DB3D7F /* NetworkHelper.swift in Sources */ = {isa = PBXBuildFile; fileRef = 81F40CFD1FCCAAFD00DB3D7F /* NetworkHelper.swift */; };
		81F40D001FCCABF500DB3D7F /* FilmAPIClient.swift in Sources */ = {isa = PBXBuildFile; fileRef = 81F40CFF1FCCABF500DB3D7F /* FilmAPIClient.swift */; };
		81F40D021FCCCA0D00DB3D7F /* Currency.swift in Sources */ = {isa = PBXBuildFile; fileRef = 81F40D011FCCCA0D00DB3D7F /* Currency.swift */; };
		81F40D041FCCCBBE00DB3D7F /* CurrencyAPIClient.swift in Sources */ = {isa = PBXBuildFile; fileRef = 81F40D031FCCCBBE00DB3D7F /* CurrencyAPIClient.swift */; };
/* End PBXBuildFile section */

/* Begin PBXContainerItemProxy section */
		81F40CD21FCCA73300DB3D7F /* PBXContainerItemProxy */ = {
			isa = PBXContainerItemProxy;
			containerPortal = 81F40CB51FCCA73300DB3D7F /* Project object */;
			proxyType = 1;
			remoteGlobalIDString = 81F40CBC1FCCA73300DB3D7F;
			remoteInfo = "GettingData-Exercises";
		};
		81F40CDD1FCCA73300DB3D7F /* PBXContainerItemProxy */ = {
			isa = PBXContainerItemProxy;
			containerPortal = 81F40CB51FCCA73300DB3D7F /* Project object */;
			proxyType = 1;
			remoteGlobalIDString = 81F40CBC1FCCA73300DB3D7F;
			remoteInfo = "GettingData-Exercises";
		};
/* End PBXContainerItemProxy section */

/* Begin PBXFileReference section */
		81F40CBD1FCCA73300DB3D7F /* GettingData-Exercises.app */ = {isa = PBXFileReference; explicitFileType = wrapper.application; includeInIndex = 0; path = "GettingData-Exercises.app"; sourceTree = BUILT_PRODUCTS_DIR; };
		81F40CC01FCCA73300DB3D7F /* AppDelegate.swift */ = {isa = PBXFileReference; lastKnownFileType = sourcecode.swift; path = AppDelegate.swift; sourceTree = "<group>"; };
		81F40CC51FCCA73300DB3D7F /* Base */ = {isa = PBXFileReference; lastKnownFileType = file.storyboard; name = Base; path = Base.lproj/Main.storyboard; sourceTree = "<group>"; };
		81F40CC71FCCA73300DB3D7F /* Assets.xcassets */ = {isa = PBXFileReference; lastKnownFileType = folder.assetcatalog; path = Assets.xcassets; sourceTree = "<group>"; };
		81F40CCA1FCCA73300DB3D7F /* Base */ = {isa = PBXFileReference; lastKnownFileType = file.storyboard; name = Base; path = Base.lproj/LaunchScreen.storyboard; sourceTree = "<group>"; };
		81F40CCC1FCCA73300DB3D7F /* Info.plist */ = {isa = PBXFileReference; lastKnownFileType = text.plist.xml; path = Info.plist; sourceTree = "<group>"; };
		81F40CD11FCCA73300DB3D7F /* GettingData-ExercisesTests.xctest */ = {isa = PBXFileReference; explicitFileType = wrapper.cfbundle; includeInIndex = 0; path = "GettingData-ExercisesTests.xctest"; sourceTree = BUILT_PRODUCTS_DIR; };
		81F40CD51FCCA73300DB3D7F /* GettingData_ExercisesTests.swift */ = {isa = PBXFileReference; lastKnownFileType = sourcecode.swift; path = GettingData_ExercisesTests.swift; sourceTree = "<group>"; };
		81F40CD71FCCA73300DB3D7F /* Info.plist */ = {isa = PBXFileReference; lastKnownFileType = text.plist.xml; path = Info.plist; sourceTree = "<group>"; };
		81F40CDC1FCCA73300DB3D7F /* GettingData-ExercisesUITests.xctest */ = {isa = PBXFileReference; explicitFileType = wrapper.cfbundle; includeInIndex = 0; path = "GettingData-ExercisesUITests.xctest"; sourceTree = BUILT_PRODUCTS_DIR; };
		81F40CE01FCCA73300DB3D7F /* GettingData_ExercisesUITests.swift */ = {isa = PBXFileReference; lastKnownFileType = sourcecode.swift; path = GettingData_ExercisesUITests.swift; sourceTree = "<group>"; };
		81F40CE21FCCA73300DB3D7F /* Info.plist */ = {isa = PBXFileReference; lastKnownFileType = text.plist.xml; path = Info.plist; sourceTree = "<group>"; };
		81F40CF11FCCA7C300DB3D7F /* GhibliFilmViewController.swift */ = {isa = PBXFileReference; lastKnownFileType = sourcecode.swift; path = GhibliFilmViewController.swift; sourceTree = "<group>"; };
		81F40CF31FCCA7EA00DB3D7F /* Film.swift */ = {isa = PBXFileReference; lastKnownFileType = sourcecode.swift; path = Film.swift; sourceTree = "<group>"; };
		81F40CF51FCCA9EF00DB3D7F /* GhibliFilmDetailViewController.swift */ = {isa = PBXFileReference; lastKnownFileType = sourcecode.swift; path = GhibliFilmDetailViewController.swift; sourceTree = "<group>"; };
		81F40CF71FCCAA0300DB3D7F /* PunkViewController.swift */ = {isa = PBXFileReference; lastKnownFileType = sourcecode.swift; path = PunkViewController.swift; sourceTree = "<group>"; };
		81F40CF91FCCAA1000DB3D7F /* PunkDetailViewController.swift */ = {isa = PBXFileReference; lastKnownFileType = sourcecode.swift; path = PunkDetailViewController.swift; sourceTree = "<group>"; };
		81F40CFB1FCCAA2600DB3D7F /* CurrencyViewController.swift */ = {isa = PBXFileReference; lastKnownFileType = sourcecode.swift; path = CurrencyViewController.swift; sourceTree = "<group>"; };
		81F40CFD1FCCAAFD00DB3D7F /* NetworkHelper.swift */ = {isa = PBXFileReference; lastKnownFileType = sourcecode.swift; path = NetworkHelper.swift; sourceTree = "<group>"; };
		81F40CFF1FCCABF500DB3D7F /* FilmAPIClient.swift */ = {isa = PBXFileReference; lastKnownFileType = sourcecode.swift; path = FilmAPIClient.swift; sourceTree = "<group>"; };
		81F40D011FCCCA0D00DB3D7F /* Currency.swift */ = {isa = PBXFileReference; lastKnownFileType = sourcecode.swift; path = Currency.swift; sourceTree = "<group>"; };
		81F40D031FCCCBBE00DB3D7F /* CurrencyAPIClient.swift */ = {isa = PBXFileReference; lastKnownFileType = sourcecode.swift; path = CurrencyAPIClient.swift; sourceTree = "<group>"; };
/* End PBXFileReference section */

/* Begin PBXFrameworksBuildPhase section */
		81F40CBA1FCCA73300DB3D7F /* Frameworks */ = {
			isa = PBXFrameworksBuildPhase;
			buildActionMask = 2147483647;
			files = (
			);
			runOnlyForDeploymentPostprocessing = 0;
		};
		81F40CCE1FCCA73300DB3D7F /* Frameworks */ = {
			isa = PBXFrameworksBuildPhase;
			buildActionMask = 2147483647;
			files = (
			);
			runOnlyForDeploymentPostprocessing = 0;
		};
		81F40CD91FCCA73300DB3D7F /* Frameworks */ = {
			isa = PBXFrameworksBuildPhase;
			buildActionMask = 2147483647;
			files = (
			);
			runOnlyForDeploymentPostprocessing = 0;
		};
/* End PBXFrameworksBuildPhase section */

/* Begin PBXGroup section */
		81F40CB41FCCA73300DB3D7F = {
			isa = PBXGroup;
			children = (
				81F40CBF1FCCA73300DB3D7F /* GettingData-Exercises */,
				81F40CD41FCCA73300DB3D7F /* GettingData-ExercisesTests */,
				81F40CDF1FCCA73300DB3D7F /* GettingData-ExercisesUITests */,
				81F40CBE1FCCA73300DB3D7F /* Products */,
			);
			sourceTree = "<group>";
		};
		81F40CBE1FCCA73300DB3D7F /* Products */ = {
			isa = PBXGroup;
			children = (
				81F40CBD1FCCA73300DB3D7F /* GettingData-Exercises.app */,
				81F40CD11FCCA73300DB3D7F /* GettingData-ExercisesTests.xctest */,
				81F40CDC1FCCA73300DB3D7F /* GettingData-ExercisesUITests.xctest */,
			);
			name = Products;
			sourceTree = "<group>";
		};
		81F40CBF1FCCA73300DB3D7F /* GettingData-Exercises */ = {
			isa = PBXGroup;
			children = (
				81F40CCC1FCCA73300DB3D7F /* Info.plist */,
				81F40CC41FCCA73300DB3D7F /* Main.storyboard */,
				81F40CF01FCCA78200DB3D7F /* Model */,
				81F40CEF1FCCA77600DB3D7F /* View Controllers */,
				81F40CEE1FCCA74500DB3D7F /* Supported Files */,
			);
			path = "GettingData-Exercises";
			sourceTree = "<group>";
		};
		81F40CD41FCCA73300DB3D7F /* GettingData-ExercisesTests */ = {
			isa = PBXGroup;
			children = (
				81F40CD51FCCA73300DB3D7F /* GettingData_ExercisesTests.swift */,
				81F40CD71FCCA73300DB3D7F /* Info.plist */,
			);
			path = "GettingData-ExercisesTests";
			sourceTree = "<group>";
		};
		81F40CDF1FCCA73300DB3D7F /* GettingData-ExercisesUITests */ = {
			isa = PBXGroup;
			children = (
				81F40CE01FCCA73300DB3D7F /* GettingData_ExercisesUITests.swift */,
				81F40CE21FCCA73300DB3D7F /* Info.plist */,
			);
			path = "GettingData-ExercisesUITests";
			sourceTree = "<group>";
		};
		81F40CEE1FCCA74500DB3D7F /* Supported Files */ = {
			isa = PBXGroup;
			children = (
				81F40CC01FCCA73300DB3D7F /* AppDelegate.swift */,
				81F40CC71FCCA73300DB3D7F /* Assets.xcassets */,
				81F40CC91FCCA73300DB3D7F /* LaunchScreen.storyboard */,
			);
			path = "Supported Files";
			sourceTree = "<group>";
		};
		81F40CEF1FCCA77600DB3D7F /* View Controllers */ = {
			isa = PBXGroup;
			children = (
				81F40CF11FCCA7C300DB3D7F /* GhibliFilmViewController.swift */,
				81F40CF51FCCA9EF00DB3D7F /* GhibliFilmDetailViewController.swift */,
				81F40CF71FCCAA0300DB3D7F /* PunkViewController.swift */,
				81F40CF91FCCAA1000DB3D7F /* PunkDetailViewController.swift */,
				81F40CFB1FCCAA2600DB3D7F /* CurrencyViewController.swift */,
			);
			path = "View Controllers";
			sourceTree = "<group>";
		};
		81F40CF01FCCA78200DB3D7F /* Model */ = {
			isa = PBXGroup;
			children = (
				81F40CFD1FCCAAFD00DB3D7F /* NetworkHelper.swift */,
				81F40CF31FCCA7EA00DB3D7F /* Film.swift */,
				81F40CFF1FCCABF500DB3D7F /* FilmAPIClient.swift */,
				81F40D011FCCCA0D00DB3D7F /* Currency.swift */,
				81F40D031FCCCBBE00DB3D7F /* CurrencyAPIClient.swift */,
			);
			path = Model;
			sourceTree = "<group>";
		};
/* End PBXGroup section */

/* Begin PBXNativeTarget section */
		81F40CBC1FCCA73300DB3D7F /* GettingData-Exercises */ = {
			isa = PBXNativeTarget;
			buildConfigurationList = 81F40CE51FCCA73300DB3D7F /* Build configuration list for PBXNativeTarget "GettingData-Exercises" */;
			buildPhases = (
				81F40CB91FCCA73300DB3D7F /* Sources */,
				81F40CBA1FCCA73300DB3D7F /* Frameworks */,
				81F40CBB1FCCA73300DB3D7F /* Resources */,
			);
			buildRules = (
			);
			dependencies = (
			);
			name = "GettingData-Exercises";
			productName = "GettingData-Exercises";
			productReference = 81F40CBD1FCCA73300DB3D7F /* GettingData-Exercises.app */;
			productType = "com.apple.product-type.application";
		};
		81F40CD01FCCA73300DB3D7F /* GettingData-ExercisesTests */ = {
			isa = PBXNativeTarget;
			buildConfigurationList = 81F40CE81FCCA73300DB3D7F /* Build configuration list for PBXNativeTarget "GettingData-ExercisesTests" */;
			buildPhases = (
				81F40CCD1FCCA73300DB3D7F /* Sources */,
				81F40CCE1FCCA73300DB3D7F /* Frameworks */,
				81F40CCF1FCCA73300DB3D7F /* Resources */,
			);
			buildRules = (
			);
			dependencies = (
				81F40CD31FCCA73300DB3D7F /* PBXTargetDependency */,
			);
			name = "GettingData-ExercisesTests";
			productName = "GettingData-ExercisesTests";
			productReference = 81F40CD11FCCA73300DB3D7F /* GettingData-ExercisesTests.xctest */;
			productType = "com.apple.product-type.bundle.unit-test";
		};
		81F40CDB1FCCA73300DB3D7F /* GettingData-ExercisesUITests */ = {
			isa = PBXNativeTarget;
			buildConfigurationList = 81F40CEB1FCCA73300DB3D7F /* Build configuration list for PBXNativeTarget "GettingData-ExercisesUITests" */;
			buildPhases = (
				81F40CD81FCCA73300DB3D7F /* Sources */,
				81F40CD91FCCA73300DB3D7F /* Frameworks */,
				81F40CDA1FCCA73300DB3D7F /* Resources */,
			);
			buildRules = (
			);
			dependencies = (
				81F40CDE1FCCA73300DB3D7F /* PBXTargetDependency */,
			);
			name = "GettingData-ExercisesUITests";
			productName = "GettingData-ExercisesUITests";
			productReference = 81F40CDC1FCCA73300DB3D7F /* GettingData-ExercisesUITests.xctest */;
			productType = "com.apple.product-type.bundle.ui-testing";
		};
/* End PBXNativeTarget section */

/* Begin PBXProject section */
		81F40CB51FCCA73300DB3D7F /* Project object */ = {
			isa = PBXProject;
			attributes = {
				LastSwiftUpdateCheck = 0910;
				LastUpgradeCheck = 0910;
				ORGANIZATIONNAME = C4Q;
				TargetAttributes = {
					81F40CBC1FCCA73300DB3D7F = {
						CreatedOnToolsVersion = 9.1;
						ProvisioningStyle = Automatic;
					};
					81F40CD01FCCA73300DB3D7F = {
						CreatedOnToolsVersion = 9.1;
						ProvisioningStyle = Automatic;
						TestTargetID = 81F40CBC1FCCA73300DB3D7F;
					};
					81F40CDB1FCCA73300DB3D7F = {
						CreatedOnToolsVersion = 9.1;
						ProvisioningStyle = Automatic;
						TestTargetID = 81F40CBC1FCCA73300DB3D7F;
					};
				};
			};
			buildConfigurationList = 81F40CB81FCCA73300DB3D7F /* Build configuration list for PBXProject "GettingData-Exercises" */;
			compatibilityVersion = "Xcode 8.0";
			developmentRegion = en;
			hasScannedForEncodings = 0;
			knownRegions = (
				en,
				Base,
			);
			mainGroup = 81F40CB41FCCA73300DB3D7F;
			productRefGroup = 81F40CBE1FCCA73300DB3D7F /* Products */;
			projectDirPath = "";
			projectRoot = "";
			targets = (
				81F40CBC1FCCA73300DB3D7F /* GettingData-Exercises */,
				81F40CD01FCCA73300DB3D7F /* GettingData-ExercisesTests */,
				81F40CDB1FCCA73300DB3D7F /* GettingData-ExercisesUITests */,
			);
		};
/* End PBXProject section */

/* Begin PBXResourcesBuildPhase section */
		81F40CBB1FCCA73300DB3D7F /* Resources */ = {
			isa = PBXResourcesBuildPhase;
			buildActionMask = 2147483647;
			files = (
				81F40CCB1FCCA73300DB3D7F /* LaunchScreen.storyboard in Resources */,
				81F40CC81FCCA73300DB3D7F /* Assets.xcassets in Resources */,
				81F40CC61FCCA73300DB3D7F /* Main.storyboard in Resources */,
			);
			runOnlyForDeploymentPostprocessing = 0;
		};
		81F40CCF1FCCA73300DB3D7F /* Resources */ = {
			isa = PBXResourcesBuildPhase;
			buildActionMask = 2147483647;
			files = (
			);
			runOnlyForDeploymentPostprocessing = 0;
		};
		81F40CDA1FCCA73300DB3D7F /* Resources */ = {
			isa = PBXResourcesBuildPhase;
			buildActionMask = 2147483647;
			files = (
			);
			runOnlyForDeploymentPostprocessing = 0;
		};
/* End PBXResourcesBuildPhase section */

/* Begin PBXSourcesBuildPhase section */
		81F40CB91FCCA73300DB3D7F /* Sources */ = {
			isa = PBXSourcesBuildPhase;
			buildActionMask = 2147483647;
			files = (
				81F40CFE1FCCAAFD00DB3D7F /* NetworkHelper.swift in Sources */,
				81F40CF61FCCA9EF00DB3D7F /* GhibliFilmDetailViewController.swift in Sources */,
				81F40D021FCCCA0D00DB3D7F /* Currency.swift in Sources */,
				81F40CFA1FCCAA1000DB3D7F /* PunkDetailViewController.swift in Sources */,
				81F40CC11FCCA73300DB3D7F /* AppDelegate.swift in Sources */,
				81F40D041FCCCBBE00DB3D7F /* CurrencyAPIClient.swift in Sources */,
				81F40CFC1FCCAA2600DB3D7F /* CurrencyViewController.swift in Sources */,
				81F40CF81FCCAA0300DB3D7F /* PunkViewController.swift in Sources */,
				81F40D001FCCABF500DB3D7F /* FilmAPIClient.swift in Sources */,
				81F40CF41FCCA7EA00DB3D7F /* Film.swift in Sources */,
				81F40CF21FCCA7C300DB3D7F /* GhibliFilmViewController.swift in Sources */,
			);
			runOnlyForDeploymentPostprocessing = 0;
		};
		81F40CCD1FCCA73300DB3D7F /* Sources */ = {
			isa = PBXSourcesBuildPhase;
			buildActionMask = 2147483647;
			files = (
				81F40CD61FCCA73300DB3D7F /* GettingData_ExercisesTests.swift in Sources */,
			);
			runOnlyForDeploymentPostprocessing = 0;
		};
		81F40CD81FCCA73300DB3D7F /* Sources */ = {
			isa = PBXSourcesBuildPhase;
			buildActionMask = 2147483647;
			files = (
				81F40CE11FCCA73300DB3D7F /* GettingData_ExercisesUITests.swift in Sources */,
			);
			runOnlyForDeploymentPostprocessing = 0;
		};
/* End PBXSourcesBuildPhase section */

/* Begin PBXTargetDependency section */
		81F40CD31FCCA73300DB3D7F /* PBXTargetDependency */ = {
			isa = PBXTargetDependency;
			target = 81F40CBC1FCCA73300DB3D7F /* GettingData-Exercises */;
			targetProxy = 81F40CD21FCCA73300DB3D7F /* PBXContainerItemProxy */;
		};
		81F40CDE1FCCA73300DB3D7F /* PBXTargetDependency */ = {
			isa = PBXTargetDependency;
			target = 81F40CBC1FCCA73300DB3D7F /* GettingData-Exercises */;
			targetProxy = 81F40CDD1FCCA73300DB3D7F /* PBXContainerItemProxy */;
		};
/* End PBXTargetDependency section */

/* Begin PBXVariantGroup section */
		81F40CC41FCCA73300DB3D7F /* Main.storyboard */ = {
			isa = PBXVariantGroup;
			children = (
				81F40CC51FCCA73300DB3D7F /* Base */,
			);
			name = Main.storyboard;
			sourceTree = "<group>";
		};
		81F40CC91FCCA73300DB3D7F /* LaunchScreen.storyboard */ = {
			isa = PBXVariantGroup;
			children = (
				81F40CCA1FCCA73300DB3D7F /* Base */,
			);
			name = LaunchScreen.storyboard;
			sourceTree = "<group>";
		};
/* End PBXVariantGroup section */

/* Begin XCBuildConfiguration section */
		81F40CE31FCCA73300DB3D7F /* Debug */ = {
			isa = XCBuildConfiguration;
			buildSettings = {
				ALWAYS_SEARCH_USER_PATHS = NO;
				CLANG_ANALYZER_NONNULL = YES;
				CLANG_ANALYZER_NUMBER_OBJECT_CONVERSION = YES_AGGRESSIVE;
				CLANG_CXX_LANGUAGE_STANDARD = "gnu++14";
				CLANG_CXX_LIBRARY = "libc++";
				CLANG_ENABLE_MODULES = YES;
				CLANG_ENABLE_OBJC_ARC = YES;
				CLANG_WARN_BLOCK_CAPTURE_AUTORELEASING = YES;
				CLANG_WARN_BOOL_CONVERSION = YES;
				CLANG_WARN_COMMA = YES;
				CLANG_WARN_CONSTANT_CONVERSION = YES;
				CLANG_WARN_DIRECT_OBJC_ISA_USAGE = YES_ERROR;
				CLANG_WARN_DOCUMENTATION_COMMENTS = YES;
				CLANG_WARN_EMPTY_BODY = YES;
				CLANG_WARN_ENUM_CONVERSION = YES;
				CLANG_WARN_INFINITE_RECURSION = YES;
				CLANG_WARN_INT_CONVERSION = YES;
				CLANG_WARN_NON_LITERAL_NULL_CONVERSION = YES;
				CLANG_WARN_OBJC_LITERAL_CONVERSION = YES;
				CLANG_WARN_OBJC_ROOT_CLASS = YES_ERROR;
				CLANG_WARN_RANGE_LOOP_ANALYSIS = YES;
				CLANG_WARN_STRICT_PROTOTYPES = YES;
				CLANG_WARN_SUSPICIOUS_MOVE = YES;
				CLANG_WARN_UNGUARDED_AVAILABILITY = YES_AGGRESSIVE;
				CLANG_WARN_UNREACHABLE_CODE = YES;
				CLANG_WARN__DUPLICATE_METHOD_MATCH = YES;
				CODE_SIGN_IDENTITY = "iPhone Developer";
				COPY_PHASE_STRIP = NO;
				DEBUG_INFORMATION_FORMAT = dwarf;
				ENABLE_STRICT_OBJC_MSGSEND = YES;
				ENABLE_TESTABILITY = YES;
				GCC_C_LANGUAGE_STANDARD = gnu11;
				GCC_DYNAMIC_NO_PIC = NO;
				GCC_NO_COMMON_BLOCKS = YES;
				GCC_OPTIMIZATION_LEVEL = 0;
				GCC_PREPROCESSOR_DEFINITIONS = (
					"DEBUG=1",
					"$(inherited)",
				);
				GCC_WARN_64_TO_32_BIT_CONVERSION = YES;
				GCC_WARN_ABOUT_RETURN_TYPE = YES_ERROR;
				GCC_WARN_UNDECLARED_SELECTOR = YES;
				GCC_WARN_UNINITIALIZED_AUTOS = YES_AGGRESSIVE;
				GCC_WARN_UNUSED_FUNCTION = YES;
				GCC_WARN_UNUSED_VARIABLE = YES;
				IPHONEOS_DEPLOYMENT_TARGET = 11.1;
				MTL_ENABLE_DEBUG_INFO = YES;
				ONLY_ACTIVE_ARCH = YES;
				SDKROOT = iphoneos;
				SWIFT_ACTIVE_COMPILATION_CONDITIONS = DEBUG;
				SWIFT_OPTIMIZATION_LEVEL = "-Onone";
			};
			name = Debug;
		};
		81F40CE41FCCA73300DB3D7F /* Release */ = {
			isa = XCBuildConfiguration;
			buildSettings = {
				ALWAYS_SEARCH_USER_PATHS = NO;
				CLANG_ANALYZER_NONNULL = YES;
				CLANG_ANALYZER_NUMBER_OBJECT_CONVERSION = YES_AGGRESSIVE;
				CLANG_CXX_LANGUAGE_STANDARD = "gnu++14";
				CLANG_CXX_LIBRARY = "libc++";
				CLANG_ENABLE_MODULES = YES;
				CLANG_ENABLE_OBJC_ARC = YES;
				CLANG_WARN_BLOCK_CAPTURE_AUTORELEASING = YES;
				CLANG_WARN_BOOL_CONVERSION = YES;
				CLANG_WARN_COMMA = YES;
				CLANG_WARN_CONSTANT_CONVERSION = YES;
				CLANG_WARN_DIRECT_OBJC_ISA_USAGE = YES_ERROR;
				CLANG_WARN_DOCUMENTATION_COMMENTS = YES;
				CLANG_WARN_EMPTY_BODY = YES;
				CLANG_WARN_ENUM_CONVERSION = YES;
				CLANG_WARN_INFINITE_RECURSION = YES;
				CLANG_WARN_INT_CONVERSION = YES;
				CLANG_WARN_NON_LITERAL_NULL_CONVERSION = YES;
				CLANG_WARN_OBJC_LITERAL_CONVERSION = YES;
				CLANG_WARN_OBJC_ROOT_CLASS = YES_ERROR;
				CLANG_WARN_RANGE_LOOP_ANALYSIS = YES;
				CLANG_WARN_STRICT_PROTOTYPES = YES;
				CLANG_WARN_SUSPICIOUS_MOVE = YES;
				CLANG_WARN_UNGUARDED_AVAILABILITY = YES_AGGRESSIVE;
				CLANG_WARN_UNREACHABLE_CODE = YES;
				CLANG_WARN__DUPLICATE_METHOD_MATCH = YES;
				CODE_SIGN_IDENTITY = "iPhone Developer";
				COPY_PHASE_STRIP = NO;
				DEBUG_INFORMATION_FORMAT = "dwarf-with-dsym";
				ENABLE_NS_ASSERTIONS = NO;
				ENABLE_STRICT_OBJC_MSGSEND = YES;
				GCC_C_LANGUAGE_STANDARD = gnu11;
				GCC_NO_COMMON_BLOCKS = YES;
				GCC_WARN_64_TO_32_BIT_CONVERSION = YES;
				GCC_WARN_ABOUT_RETURN_TYPE = YES_ERROR;
				GCC_WARN_UNDECLARED_SELECTOR = YES;
				GCC_WARN_UNINITIALIZED_AUTOS = YES_AGGRESSIVE;
				GCC_WARN_UNUSED_FUNCTION = YES;
				GCC_WARN_UNUSED_VARIABLE = YES;
				IPHONEOS_DEPLOYMENT_TARGET = 11.1;
				MTL_ENABLE_DEBUG_INFO = NO;
				SDKROOT = iphoneos;
				SWIFT_OPTIMIZATION_LEVEL = "-Owholemodule";
				VALIDATE_PRODUCT = YES;
			};
			name = Release;
		};
		81F40CE61FCCA73300DB3D7F /* Debug */ = {
			isa = XCBuildConfiguration;
			buildSettings = {
				ASSETCATALOG_COMPILER_APPICON_NAME = AppIcon;
				CODE_SIGN_STYLE = Automatic;
				INFOPLIST_FILE = "GettingData-Exercises/Info.plist";
				LD_RUNPATH_SEARCH_PATHS = "$(inherited) @executable_path/Frameworks";
				PRODUCT_BUNDLE_IDENTIFIER = "ac.c4q.nyc.GettingData-Exercises";
				PRODUCT_NAME = "$(TARGET_NAME)";
				SWIFT_VERSION = 4.0;
				TARGETED_DEVICE_FAMILY = "1,2";
			};
			name = Debug;
		};
		81F40CE71FCCA73300DB3D7F /* Release */ = {
			isa = XCBuildConfiguration;
			buildSettings = {
				ASSETCATALOG_COMPILER_APPICON_NAME = AppIcon;
				CODE_SIGN_STYLE = Automatic;
				INFOPLIST_FILE = "GettingData-Exercises/Info.plist";
				LD_RUNPATH_SEARCH_PATHS = "$(inherited) @executable_path/Frameworks";
				PRODUCT_BUNDLE_IDENTIFIER = "ac.c4q.nyc.GettingData-Exercises";
				PRODUCT_NAME = "$(TARGET_NAME)";
				SWIFT_VERSION = 4.0;
				TARGETED_DEVICE_FAMILY = "1,2";
			};
			name = Release;
		};
		81F40CE91FCCA73300DB3D7F /* Debug */ = {
			isa = XCBuildConfiguration;
			buildSettings = {
				ALWAYS_EMBED_SWIFT_STANDARD_LIBRARIES = YES;
				BUNDLE_LOADER = "$(TEST_HOST)";
				CODE_SIGN_STYLE = Automatic;
				INFOPLIST_FILE = "GettingData-ExercisesTests/Info.plist";
				LD_RUNPATH_SEARCH_PATHS = "$(inherited) @executable_path/Frameworks @loader_path/Frameworks";
				PRODUCT_BUNDLE_IDENTIFIER = "ac.c4q.nyc.GettingData-ExercisesTests";
				PRODUCT_NAME = "$(TARGET_NAME)";
				SWIFT_VERSION = 4.0;
				TARGETED_DEVICE_FAMILY = "1,2";
				TEST_HOST = "$(BUILT_PRODUCTS_DIR)/GettingData-Exercises.app/GettingData-Exercises";
			};
			name = Debug;
		};
		81F40CEA1FCCA73300DB3D7F /* Release */ = {
			isa = XCBuildConfiguration;
			buildSettings = {
				ALWAYS_EMBED_SWIFT_STANDARD_LIBRARIES = YES;
				BUNDLE_LOADER = "$(TEST_HOST)";
				CODE_SIGN_STYLE = Automatic;
				INFOPLIST_FILE = "GettingData-ExercisesTests/Info.plist";
				LD_RUNPATH_SEARCH_PATHS = "$(inherited) @executable_path/Frameworks @loader_path/Frameworks";
				PRODUCT_BUNDLE_IDENTIFIER = "ac.c4q.nyc.GettingData-ExercisesTests";
				PRODUCT_NAME = "$(TARGET_NAME)";
				SWIFT_VERSION = 4.0;
				TARGETED_DEVICE_FAMILY = "1,2";
				TEST_HOST = "$(BUILT_PRODUCTS_DIR)/GettingData-Exercises.app/GettingData-Exercises";
			};
			name = Release;
		};
		81F40CEC1FCCA73300DB3D7F /* Debug */ = {
			isa = XCBuildConfiguration;
			buildSettings = {
				ALWAYS_EMBED_SWIFT_STANDARD_LIBRARIES = YES;
				CODE_SIGN_STYLE = Automatic;
				INFOPLIST_FILE = "GettingData-ExercisesUITests/Info.plist";
				LD_RUNPATH_SEARCH_PATHS = "$(inherited) @executable_path/Frameworks @loader_path/Frameworks";
				PRODUCT_BUNDLE_IDENTIFIER = "ac.c4q.nyc.GettingData-ExercisesUITests";
				PRODUCT_NAME = "$(TARGET_NAME)";
				SWIFT_VERSION = 4.0;
				TARGETED_DEVICE_FAMILY = "1,2";
				TEST_TARGET_NAME = "GettingData-Exercises";
			};
			name = Debug;
		};
		81F40CED1FCCA73300DB3D7F /* Release */ = {
			isa = XCBuildConfiguration;
			buildSettings = {
				ALWAYS_EMBED_SWIFT_STANDARD_LIBRARIES = YES;
				CODE_SIGN_STYLE = Automatic;
				INFOPLIST_FILE = "GettingData-ExercisesUITests/Info.plist";
				LD_RUNPATH_SEARCH_PATHS = "$(inherited) @executable_path/Frameworks @loader_path/Frameworks";
				PRODUCT_BUNDLE_IDENTIFIER = "ac.c4q.nyc.GettingData-ExercisesUITests";
				PRODUCT_NAME = "$(TARGET_NAME)";
				SWIFT_VERSION = 4.0;
				TARGETED_DEVICE_FAMILY = "1,2";
				TEST_TARGET_NAME = "GettingData-Exercises";
			};
			name = Release;
		};
/* End XCBuildConfiguration section */

/* Begin XCConfigurationList section */
		81F40CB81FCCA73300DB3D7F /* Build configuration list for PBXProject "GettingData-Exercises" */ = {
			isa = XCConfigurationList;
			buildConfigurations = (
				81F40CE31FCCA73300DB3D7F /* Debug */,
				81F40CE41FCCA73300DB3D7F /* Release */,
			);
			defaultConfigurationIsVisible = 0;
			defaultConfigurationName = Release;
		};
		81F40CE51FCCA73300DB3D7F /* Build configuration list for PBXNativeTarget "GettingData-Exercises" */ = {
			isa = XCConfigurationList;
			buildConfigurations = (
				81F40CE61FCCA73300DB3D7F /* Debug */,
				81F40CE71FCCA73300DB3D7F /* Release */,
			);
			defaultConfigurationIsVisible = 0;
			defaultConfigurationName = Release;
		};
		81F40CE81FCCA73300DB3D7F /* Build configuration list for PBXNativeTarget "GettingData-ExercisesTests" */ = {
			isa = XCConfigurationList;
			buildConfigurations = (
				81F40CE91FCCA73300DB3D7F /* Debug */,
				81F40CEA1FCCA73300DB3D7F /* Release */,
			);
			defaultConfigurationIsVisible = 0;
			defaultConfigurationName = Release;
		};
		81F40CEB1FCCA73300DB3D7F /* Build configuration list for PBXNativeTarget "GettingData-ExercisesUITests" */ = {
			isa = XCConfigurationList;
			buildConfigurations = (
				81F40CEC1FCCA73300DB3D7F /* Debug */,
				81F40CED1FCCA73300DB3D7F /* Release */,
			);
			defaultConfigurationIsVisible = 0;
			defaultConfigurationName = Release;
		};
/* End XCConfigurationList section */
	};
	rootObject = 81F40CB51FCCA73300DB3D7F /* Project object */;
}
